# THIS IS AN AUTOGENERATED FILE. DO NOT EDIT THIS FILE DIRECTLY.
# yarn lockfile v1


openai@^5.10.2:
  version "5.10.2"
  resolved "https://registry.yarnpkg.com/openai/-/openai-5.10.2.tgz#5391ac067bc0a96fc6d2909bed86630960d0041c"
  integrity sha512-n+vi74LzHtvlKcDPn9aApgELGiu5CwhaLG40zxLTlFQdoSJCLACORIPC2uVQ3JEYAbqapM+XyRKFy2Thej7bIw==
